Microsoft Visual Studio Solution File, Format Version 12.00
# Visual Studio Version 17
VisualStudioVersion = 17.5.2.0
MinimumVisualStudioVersion = 10.0.40219.1
Project("{FAE04EC0-301F-11D3-BF4B-00C04F79EFBC}") = "prueba-backend", "prueba-backend.csproj", "{EA1DF452-183D-F7E4-F120-D165A3CEDED8}"
EndProject
Global
	GlobalSection(SolutionConfigurationPlatforms) = preSolution
		Debug|Any CPU = Debug|Any CPU
		Release|Any CPU = Release|Any CPU
	EndGlobalSection
	GlobalSection(ProjectConfigurationPlatforms) = postSolution
		{EA1DF452-183D-F7E4-F120-D165A3CEDED8}.Debug|Any CPU.ActiveCfg = Debug|Any CPU
		{EA1DF452-183D-F7E4-F120-D165A3CEDED8}.Debug|Any CPU.Build.0 = Debug|Any CPU
		{EA1DF452-183D-F7E4-F120-D165A3CEDED8}.Release|Any CPU.ActiveCfg = Release|Any CPU
		{EA1DF452-183D-F7E4-F120-D165A3CEDED8}.Release|Any CPU.Build.0 = Release|Any CPU
	EndGlobalSection
	GlobalSection(SolutionProperties) = preSolution
		HideSolutionNode = FALSE
	EndGlobalSection
	GlobalSection(ExtensibilityGlobals) = postSolution
		SolutionGuid = {2A7BD008-1F99-4967-8BC1-44E1AC3ECFD5}
	EndGlobalSection
EndGlobal
